
Microsoft Visual Studio Solution File, Format Version 12.00
# Visual Studio Version 17
VisualStudioVersion = 17.0.31410.414
MinimumVisualStudioVersion = 10.0.40219.1
Project("{9A19103F-16F7-4668-BE54-9A1E7A4F7556}") = "UkrainiansId.Domain", "UkrainiansId.Domain\UkrainiansId.Domain.csproj", "{23EA5B03-C0D4-4BF2-8102-B7C1670390EE}"
EndProject
Project("{9A19103F-16F7-4668-BE54-9A1E7A4F7556}") = "UkrainiansId.Infrastructure.Data", "UkrainiansId.Infrastructure.Data\UkrainiansId.Infrastructure.Data.csproj", "{0B050800-E559-453D-8070-96D9352CE764}"
EndProject
Project("{FAE04EC0-301F-11D3-BF4B-00C04F79EFBC}") = "UkrainiansId.Application", "UkrainiansId.Application\UkrainiansId.Application.csproj", "{D60DF27E-3340-49E2-B0F7-41AFE6B6E42C}"
EndProject
Project("{FAE04EC0-301F-11D3-BF4B-00C04F79EFBC}") = "UkrainiansId.Infrastructure.IoC", "UkrainiansId.Infrastructure.IoC\UkrainiansId.Infrastructure.IoC.csproj", "{B463850A-4726-4E1C-8D2E-A8841EB885D5}"
EndProject
Project("{FAE04EC0-301F-11D3-BF4B-00C04F79EFBC}") = "UkrainiansId.Web", "UkrainiansId.Web\UkrainiansId.Web.csproj", "{8F175706-4E68-421F-A7D8-6DC36A60EAA8}"
EndProject
Global
	GlobalSection(SolutionConfigurationPlatforms) = preSolution
		Debug|Any CPU = Debug|Any CPU
		Release|Any CPU = Release|Any CPU
	EndGlobalSection
	GlobalSection(ProjectConfigurationPlatforms) = postSolution
		{23EA5B03-C0D4-4BF2-8102-B7C1670390EE}.Debug|Any CPU.ActiveCfg = Debug|Any CPU
		{23EA5B03-C0D4-4BF2-8102-B7C1670390EE}.Debug|Any CPU.Build.0 = Debug|Any CPU
		{23EA5B03-C0D4-4BF2-8102-B7C1670390EE}.Release|Any CPU.ActiveCfg = Release|Any CPU
		{23EA5B03-C0D4-4BF2-8102-B7C1670390EE}.Release|Any CPU.Build.0 = Release|Any CPU
		{0B050800-E559-453D-8070-96D9352CE764}.Debug|Any CPU.ActiveCfg = Debug|Any CPU
		{0B050800-E559-453D-8070-96D9352CE764}.Debug|Any CPU.Build.0 = Debug|Any CPU
		{0B050800-E559-453D-8070-96D9352CE764}.Release|Any CPU.ActiveCfg = Release|Any CPU
		{0B050800-E559-453D-8070-96D9352CE764}.Release|Any CPU.Build.0 = Release|Any CPU
		{D60DF27E-3340-49E2-B0F7-41AFE6B6E42C}.Debug|Any CPU.ActiveCfg = Debug|Any CPU
		{D60DF27E-3340-49E2-B0F7-41AFE6B6E42C}.Debug|Any CPU.Build.0 = Debug|Any CPU
		{D60DF27E-3340-49E2-B0F7-41AFE6B6E42C}.Release|Any CPU.ActiveCfg = Release|Any CPU
		{D60DF27E-3340-49E2-B0F7-41AFE6B6E42C}.Release|Any CPU.Build.0 = Release|Any CPU
		{B463850A-4726-4E1C-8D2E-A8841EB885D5}.Debug|Any CPU.ActiveCfg = Debug|Any CPU
		{B463850A-4726-4E1C-8D2E-A8841EB885D5}.Debug|Any CPU.Build.0 = Debug|Any CPU
		{B463850A-4726-4E1C-8D2E-A8841EB885D5}.Release|Any CPU.ActiveCfg = Release|Any CPU
		{B463850A-4726-4E1C-8D2E-A8841EB885D5}.Release|Any CPU.Build.0 = Release|Any CPU
		{8F175706-4E68-421F-A7D8-6DC36A60EAA8}.Debug|Any CPU.ActiveCfg = Debug|Any CPU
		{8F175706-4E68-421F-A7D8-6DC36A60EAA8}.Debug|Any CPU.Build.0 = Debug|Any CPU
		{8F175706-4E68-421F-A7D8-6DC36A60EAA8}.Release|Any CPU.ActiveCfg = Release|Any CPU
		{8F175706-4E68-421F-A7D8-6DC36A60EAA8}.Release|Any CPU.Build.0 = Release|Any CPU
	EndGlobalSection
	GlobalSection(SolutionProperties) = preSolution
		HideSolutionNode = FALSE
	EndGlobalSection
	GlobalSection(ExtensibilityGlobals) = postSolution
		SolutionGuid = {19F2FA9E-9449-462C-B5EA-B841F5EE5667}
	EndGlobalSection
EndGlobal
